{
  "version": 4,
  "terraform_version": "1.7.3",
  "serial": 29,
  "lineage": "b5deaa8c-1cd5-aae3-4cbc-7e2ebc9c1d36",
  "outputs": {},
  "resources": [
    {
      "mode": "data",
      "type": "aws_ami",
      "name": "ecs",
      "provider": "provider[\"registry.terraform.io/hashicorp/aws\"]",
      "instances": [
        {
          "schema_version": 0,
          "attributes": {
            "architecture": "x86_64",
            "arn": "arn:aws:ec2:eu-west-1::image/ami-019666ff08d14f28e",
            "block_device_mappings": [
              {
                "device_name": "/dev/xvda",
                "ebs": {
                  "delete_on_termination": "true",
                  "encrypted": "false",
                  "iops": "0",
                  "snapshot_id": "snap-0cd79bd841aacb753",
                  "throughput": "0",
                  "volume_size": "30",
                  "volume_type": "gp2"
                },
                "no_device": "",
                "virtual_name": ""
              }
            ],
            "boot_mode": "",
            "creation_date": "2024-04-25T01:55:03.000Z",
            "deprecation_time": "2026-04-25T01:55:03.000Z",
            "description": "Amazon Linux AMI 2.0.20240424 x86_64 ECS HVM GP2",
            "ena_support": true,
            "executable_users": null,
            "filter": [
              {
                "name": "name",
                "values": [
                  "amzn2-ami-ecs-hvm-*-x86_64-ebs"
                ]
              }
            ],
            "hypervisor": "xen",
            "id": "ami-019666ff08d14f28e",
            "image_id": "ami-019666ff08d14f28e",
            "image_location": "amazon/amzn2-ami-ecs-hvm-2.0.20240424-x86_64-ebs",
            "image_owner_alias": "amazon",
            "image_type": "machine",
            "imds_support": "",
            "include_deprecated": false,
            "kernel_id": "",
            "most_recent": true,
            "name": "amzn2-ami-ecs-hvm-2.0.20240424-x86_64-ebs",
            "name_regex": null,
            "owner_id": "591542846629",
            "owners": [
              "amazon"
            ],
            "platform": "",
            "platform_details": "Linux/UNIX",
            "product_codes": [],
            "public": true,
            "ramdisk_id": "",
            "root_device_name": "/dev/xvda",
            "root_device_type": "ebs",
            "root_snapshot_id": "snap-0cd79bd841aacb753",
            "sriov_net_support": "simple",
            "state": "available",
            "state_reason": {
              "code": "UNSET",
              "message": "UNSET"
            },
            "tags": {},
            "timeouts": null,
            "tpm_support": "",
            "usage_operation": "RunInstances",
            "virtualization_type": "hvm"
          },
          "sensitive_attributes": []
        }
      ]
    },
    {
      "mode": "data",
      "type": "aws_caller_identity",
      "name": "current",
      "provider": "provider[\"registry.terraform.io/hashicorp/aws\"]",
      "instances": [
        {
          "schema_version": 0,
          "attributes": {
            "account_id": "335631691830",
            "arn": "arn:aws:sts::335631691830:assumed-role/AWSReservedSSO_admins_24e2cec7fa5bff71/kris",
            "id": "335631691830",
            "user_id": "AROAU4JJVGA3I33JZ7OF6:kris"
          },
          "sensitive_attributes": []
        }
      ]
    },
    {
      "mode": "data",
      "type": "aws_iam_policy_document",
      "name": "ecs_assume_role",
      "provider": "provider[\"registry.terraform.io/hashicorp/aws\"]",
      "instances": [
        {
          "schema_version": 0,
          "attributes": {
            "id": "2851119427",
            "json": "{\n  \"Version\": \"2012-10-17\",\n  \"Statement\": [\n    {\n      \"Effect\": \"Allow\",\n      \"Action\": \"sts:AssumeRole\",\n      \"Principal\": {\n        \"Service\": \"ec2.amazonaws.com\"\n      }\n    }\n  ]\n}",
            "minified_json": "{\"Version\":\"2012-10-17\",\"Statement\":[{\"Effect\":\"Allow\",\"Action\":\"sts:AssumeRole\",\"Principal\":{\"Service\":\"ec2.amazonaws.com\"}}]}",
            "override_json": null,
            "override_policy_documents": null,
            "policy_id": null,
            "source_json": null,
            "source_policy_documents": null,
            "statement": [
              {
                "actions": [
                  "sts:AssumeRole"
                ],
                "condition": [],
                "effect": "Allow",
                "not_actions": [],
                "not_principals": [],
                "not_resources": [],
                "principals": [
                  {
                    "identifiers": [
                      "ec2.amazonaws.com"
                    ],
                    "type": "Service"
                  }
                ],
                "resources": [],
                "sid": ""
              }
            ],
            "version": "2012-10-17"
          },
          "sensitive_attributes": []
        }
      ]
    },
    {
      "mode": "data",
      "type": "aws_region",
      "name": "current",
      "provider": "provider[\"registry.terraform.io/hashicorp/aws\"]",
      "instances": [
        {
          "schema_version": 0,
          "attributes": {
            "description": "Europe (Ireland)",
            "endpoint": "ec2.eu-west-1.amazonaws.com",
            "id": "eu-west-1",
            "name": "eu-west-1"
          },
          "sensitive_attributes": []
        }
      ]
    },
    {
      "mode": "data",
      "type": "aws_route53_zone",
      "name": "primary",
      "provider": "provider[\"registry.terraform.io/hashicorp/aws\"]",
      "instances": [
        {
          "schema_version": 0,
          "attributes": {
            "arn": "arn:aws:route53:::hostedzone/Z020383763BWTRKNUVGU",
            "caller_reference": "terraform-20240511000100532600000001",
            "comment": "Managed by Terraform",
            "id": "Z020383763BWTRKNUVGU",
            "linked_service_description": null,
            "linked_service_principal": null,
            "name": "eu-west-1.live.blitspersecond.com",
            "name_servers": [
              "ns-574.awsdns-07.net",
              "ns-214.awsdns-26.com",
              "ns-1327.awsdns-37.org",
              "ns-1560.awsdns-03.co.uk"
            ],
            "primary_name_server": "ns-574.awsdns-07.net",
            "private_zone": false,
            "resource_record_set_count": 4,
            "tags": {
              "Environment": "live",
              "Managed_by": "Terraform",
              "Name": "live-zone",
              "Stack": "mesh"
            },
            "vpc_id": null,
            "zone_id": "Z020383763BWTRKNUVGU"
          },
          "sensitive_attributes": []
        }
      ]
    },
    {
      "mode": "data",
      "type": "aws_subnets",
      "name": "private",
      "provider": "provider[\"registry.terraform.io/hashicorp/aws\"]",
      "instances": [
        {
          "schema_version": 0,
          "attributes": {
            "filter": [
              {
                "name": "tag:Type",
                "values": [
                  "private"
                ]
              },
              {
                "name": "vpc-id",
                "values": [
                  "vpc-0685a3518d0558c65"
                ]
              }
            ],
            "id": "eu-west-1",
            "ids": [
              "subnet-02dd985e5d379b559",
              "subnet-096c3aa4c20cefef7",
              "subnet-09bf36e443a19d6c2"
            ],
            "tags": null,
            "timeouts": null
          },
          "sensitive_attributes": []
        }
      ]
    },
    {
      "mode": "data",
      "type": "aws_subnets",
      "name": "public",
      "provider": "provider[\"registry.terraform.io/hashicorp/aws\"]",
      "instances": [
        {
          "schema_version": 0,
          "attributes": {
            "filter": [
              {
                "name": "tag:Type",
                "values": [
                  "public"
                ]
              },
              {
                "name": "vpc-id",
                "values": [
                  "vpc-0685a3518d0558c65"
                ]
              }
            ],
            "id": "eu-west-1",
            "ids": [
              "subnet-04499edd31134fed6",
              "subnet-0564488db1301c616",
              "subnet-082d1097e36744b29"
            ],
            "tags": null,
            "timeouts": null
          },
          "sensitive_attributes": []
        }
      ]
    },
    {
      "mode": "data",
      "type": "aws_vpc",
      "name": "core",
      "provider": "provider[\"registry.terraform.io/hashicorp/aws\"]",
      "instances": [
        {
          "schema_version": 0,
          "attributes": {
            "arn": "arn:aws:ec2:eu-west-1:335631691830:vpc/vpc-02ac1308ff141a1e1",
            "cidr_block": "10.0.0.0/19",
            "cidr_block_associations": [
              {
                "association_id": "vpc-cidr-assoc-007dba7beedc5836e",
                "cidr_block": "10.0.0.0/19",
                "state": "associated"
              }
            ],
            "default": false,
            "dhcp_options_id": "dopt-0fe186a0f33f78d61",
            "enable_dns_hostnames": false,
            "enable_dns_support": true,
            "enable_network_address_usage_metrics": false,
            "filter": [
              {
                "name": "tag:Environment",
                "values": [
                  "core"
                ]
              }
            ],
            "id": "vpc-02ac1308ff141a1e1",
            "instance_tenancy": "default",
            "ipv6_association_id": "",
            "ipv6_cidr_block": "",
            "main_route_table_id": "rtb-03f580587f2afd70e",
            "owner_id": "335631691830",
            "state": null,
            "tags": {
              "Environment": "core",
              "Managed_by": "Terraform",
              "Name": "eu-west-1-core-vpc"
            },
            "timeouts": null
          },
          "sensitive_attributes": []
        }
      ]
    },
    {
      "mode": "data",
      "type": "aws_vpc",
      "name": "local",
      "provider": "provider[\"registry.terraform.io/hashicorp/aws\"]",
      "instances": [
        {
          "schema_version": 0,
          "attributes": {
            "arn": "arn:aws:ec2:eu-west-1:335631691830:vpc/vpc-0685a3518d0558c65",
            "cidr_block": "10.0.32.0/19",
            "cidr_block_associations": [
              {
                "association_id": "vpc-cidr-assoc-097a550889a63310d",
                "cidr_block": "10.0.32.0/19",
                "state": "associated"
              }
            ],
            "default": false,
            "dhcp_options_id": "dopt-0fe186a0f33f78d61",
            "enable_dns_hostnames": false,
            "enable_dns_support": true,
            "enable_network_address_usage_metrics": false,
            "filter": [
              {
                "name": "tag:Environment",
                "values": [
                  "live"
                ]
              }
            ],
            "id": "vpc-0685a3518d0558c65",
            "instance_tenancy": "default",
            "ipv6_association_id": "",
            "ipv6_cidr_block": "",
            "main_route_table_id": "rtb-011779aa28e83a193",
            "owner_id": "335631691830",
            "state": null,
            "tags": {
              "Environment": "live",
              "Managed_by": "Terraform",
              "Name": "eu-west-1-live-vpc",
              "Stack": "mesh"
            },
            "timeouts": null
          },
          "sensitive_attributes": []
        }
      ]
    },
    {
      "mode": "managed",
      "type": "aws_acm_certificate",
      "name": "cert",
      "provider": "provider[\"registry.terraform.io/hashicorp/aws\"]",
      "instances": [
        {
          "schema_version": 0,
          "attributes": {
            "arn": "arn:aws:acm:eu-west-1:335631691830:certificate/9a33c6cd-8842-41ae-8027-ce8cdc32bb71",
            "certificate_authority_arn": "",
            "certificate_body": null,
            "certificate_chain": null,
            "domain_name": "origin.eu-west-1.live.blitspersecond.com",
            "domain_validation_options": [
              {
                "domain_name": "origin.eu-west-1.live.blitspersecond.com",
                "resource_record_name": "_da6fa7648ebdb13eb5ff6f562419895a.origin.eu-west-1.live.blitspersecond.com.",
                "resource_record_type": "CNAME",
                "resource_record_value": "_c69c8477f469637807e0bb6b3d957802.sdgjtdhdhz.acm-validations.aws."
              }
            ],
            "early_renewal_duration": "",
            "id": "arn:aws:acm:eu-west-1:335631691830:certificate/9a33c6cd-8842-41ae-8027-ce8cdc32bb71",
            "key_algorithm": "RSA_2048",
            "not_after": "2025-06-10T23:59:59Z",
            "not_before": "2024-05-11T00:00:00Z",
            "options": [
              {
                "certificate_transparency_logging_preference": "ENABLED"
              }
            ],
            "pending_renewal": false,
            "private_key": null,
            "renewal_eligibility": "ELIGIBLE",
            "renewal_summary": [],
            "status": "ISSUED",
            "subject_alternative_names": [
              "origin.eu-west-1.live.blitspersecond.com"
            ],
            "tags": {
              "Environment": "live",
              "Managed_by": "Terraform",
              "Name": "live-origin-alb-cert",
              "Stack": "ecs"
            },
            "tags_all": {
              "Environment": "live",
              "Managed_by": "Terraform",
              "Name": "live-origin-alb-cert",
              "Stack": "ecs"
            },
            "type": "AMAZON_ISSUED",
            "validation_emails": [],
            "validation_method": "DNS",
            "validation_option": []
          },
          "sensitive_attributes": [],
          "private": "bnVsbA==",
          "dependencies": [
            "aws_alb.cluster_origin_alb",
            "aws_route53_record.cluster_origin_alb",
            "aws_security_group.cluster_origin_alb_sg",
            "data.aws_route53_zone.primary",
            "data.aws_subnets.public",
            "data.aws_vpc.local"
          ],
          "create_before_destroy": true
        }
      ]
    },
    {
      "mode": "managed",
      "type": "aws_acm_certificate_validation",
      "name": "cert_validation",
      "provider": "provider[\"registry.terraform.io/hashicorp/aws\"]",
      "instances": [
        {
          "schema_version": 0,
          "attributes": {
            "certificate_arn": "arn:aws:acm:eu-west-1:335631691830:certificate/9a33c6cd-8842-41ae-8027-ce8cdc32bb71",
            "id": "0001-01-01 00:00:00 +0000 UTC",
            "timeouts": null,
            "validation_record_fqdns": [
              "_da6fa7648ebdb13eb5ff6f562419895a.origin.eu-west-1.live.blitspersecond.com"
            ]
          },
          "sensitive_attributes": [],
          "private": "eyJlMmJmYjczMC1lY2FhLTExZTYtOGY4OC0zNDM2M2JjN2M0YzAiOnsiY3JlYXRlIjo0NTAwMDAwMDAwMDAwfX0=",
          "dependencies": [
            "aws_acm_certificate.cert",
            "aws_alb.cluster_origin_alb",
            "aws_route53_record.cert_validation",
            "aws_route53_record.cluster_origin_alb",
            "aws_security_group.cluster_origin_alb_sg",
            "data.aws_route53_zone.primary",
            "data.aws_subnets.public",
            "data.aws_vpc.local"
          ]
        }
      ]
    },
    {
      "mode": "managed",
      "type": "aws_alb",
      "name": "cluster_origin_alb",
      "provider": "provider[\"registry.terraform.io/hashicorp/aws\"]",
      "instances": [
        {
          "schema_version": 0,
          "attributes": {
            "access_logs": [
              {
                "bucket": "",
                "enabled": false,
                "prefix": ""
              }
            ],
            "arn": "arn:aws:elasticloadbalancing:eu-west-1:335631691830:loadbalancer/app/live-origin-alb/c91fe526afde4a13",
            "arn_suffix": "app/live-origin-alb/c91fe526afde4a13",
            "client_keep_alive": 3600,
            "connection_logs": [
              {
                "bucket": "",
                "enabled": false,
                "prefix": ""
              }
            ],
            "customer_owned_ipv4_pool": "",
            "desync_mitigation_mode": "defensive",
            "dns_name": "live-origin-alb-499281960.eu-west-1.elb.amazonaws.com",
            "dns_record_client_routing_policy": null,
            "drop_invalid_header_fields": false,
            "enable_cross_zone_load_balancing": true,
            "enable_deletion_protection": false,
            "enable_http2": true,
            "enable_tls_version_and_cipher_suite_headers": false,
            "enable_waf_fail_open": false,
            "enable_xff_client_port": false,
            "enforce_security_group_inbound_rules_on_private_link_traffic": "",
            "id": "arn:aws:elasticloadbalancing:eu-west-1:335631691830:loadbalancer/app/live-origin-alb/c91fe526afde4a13",
            "idle_timeout": 60,
            "internal": false,
            "ip_address_type": "ipv4",
            "load_balancer_type": "application",
            "name": "live-origin-alb",
            "name_prefix": "",
            "preserve_host_header": false,
            "security_groups": [
              "sg-00a2ee61202d7633d"
            ],
            "subnet_mapping": [
              {
                "allocation_id": "",
                "ipv6_address": "",
                "outpost_id": "",
                "private_ipv4_address": "",
                "subnet_id": "subnet-04499edd31134fed6"
              },
              {
                "allocation_id": "",
                "ipv6_address": "",
                "outpost_id": "",
                "private_ipv4_address": "",
                "subnet_id": "subnet-0564488db1301c616"
              },
              {
                "allocation_id": "",
                "ipv6_address": "",
                "outpost_id": "",
                "private_ipv4_address": "",
                "subnet_id": "subnet-082d1097e36744b29"
              }
            ],
            "subnets": [
              "subnet-04499edd31134fed6",
              "subnet-0564488db1301c616",
              "subnet-082d1097e36744b29"
            ],
            "tags": {
              "Environment": "live",
              "Managed_by": "Terraform",
              "Name": "live-origin-alb",
              "Stack": "ecs"
            },
            "tags_all": {
              "Environment": "live",
              "Managed_by": "Terraform",
              "Name": "live-origin-alb",
              "Stack": "ecs"
            },
            "timeouts": null,
            "vpc_id": "vpc-0685a3518d0558c65",
            "xff_header_processing_mode": "append",
            "zone_id": "Z32O12XQLNTSW2"
          },
          "sensitive_attributes": [],
          "private": "eyJlMmJmYjczMC1lY2FhLTExZTYtOGY4OC0zNDM2M2JjN2M0YzAiOnsiY3JlYXRlIjo2MDAwMDAwMDAwMDAsImRlbGV0ZSI6NjAwMDAwMDAwMDAwLCJ1cGRhdGUiOjYwMDAwMDAwMDAwMH19",
          "dependencies": [
            "aws_security_group.cluster_origin_alb_sg",
            "data.aws_subnets.public",
            "data.aws_vpc.local"
          ],
          "create_before_destroy": true
        }
      ]
    },
    {
      "mode": "managed",
      "type": "aws_alb_listener",
      "name": "cluster_origin_alb_http",
      "provider": "provider[\"registry.terraform.io/hashicorp/aws\"]",
      "instances": [
        {
          "schema_version": 0,
          "attributes": {
            "alpn_policy": null,
            "arn": "arn:aws:elasticloadbalancing:eu-west-1:335631691830:listener/app/live-origin-alb/c91fe526afde4a13/cbb0122623bbe19c",
            "certificate_arn": null,
            "default_action": [
              {
                "authenticate_cognito": [],
                "authenticate_oidc": [],
                "fixed_response": [],
                "forward": [],
                "order": 1,
                "redirect": [
                  {
                    "host": "#{host}",
                    "path": "/#{path}",
                    "port": "443",
                    "protocol": "HTTPS",
                    "query": "#{query}",
                    "status_code": "HTTP_301"
                  }
                ],
                "target_group_arn": "",
                "type": "redirect"
              }
            ],
            "id": "arn:aws:elasticloadbalancing:eu-west-1:335631691830:listener/app/live-origin-alb/c91fe526afde4a13/cbb0122623bbe19c",
            "load_balancer_arn": "arn:aws:elasticloadbalancing:eu-west-1:335631691830:loadbalancer/app/live-origin-alb/c91fe526afde4a13",
            "mutual_authentication": [],
            "port": 80,
            "protocol": "HTTP",
            "ssl_policy": "",
            "tags": {},
            "tags_all": {},
            "timeouts": null
          },
          "sensitive_attributes": [],
          "private": "eyJlMmJmYjczMC1lY2FhLTExZTYtOGY4OC0zNDM2M2JjN2M0YzAiOnsiY3JlYXRlIjozMDAwMDAwMDAwMDAsInVwZGF0ZSI6MzAwMDAwMDAwMDAwfX0=",
          "dependencies": [
            "aws_alb.cluster_origin_alb",
            "aws_security_group.cluster_origin_alb_sg",
            "data.aws_subnets.public",
            "data.aws_vpc.local"
          ]
        }
      ]
    },
    {
      "mode": "managed",
      "type": "aws_alb_listener",
      "name": "cluster_origin_alb_https",
      "provider": "provider[\"registry.terraform.io/hashicorp/aws\"]",
      "instances": [
        {
          "schema_version": 0,
          "attributes": {
            "alpn_policy": null,
            "arn": "arn:aws:elasticloadbalancing:eu-west-1:335631691830:listener/app/live-origin-alb/c91fe526afde4a13/cdf5312a47ab5ed9",
            "certificate_arn": "arn:aws:acm:eu-west-1:335631691830:certificate/9a33c6cd-8842-41ae-8027-ce8cdc32bb71",
            "default_action": [
              {
                "authenticate_cognito": [],
                "authenticate_oidc": [],
                "fixed_response": [
                  {
                    "content_type": "text/plain",
                    "message_body": "TLS Fixed response content",
                    "status_code": "200"
                  }
                ],
                "forward": [],
                "order": 1,
                "redirect": [],
                "target_group_arn": "",
                "type": "fixed-response"
              }
            ],
            "id": "arn:aws:elasticloadbalancing:eu-west-1:335631691830:listener/app/live-origin-alb/c91fe526afde4a13/cdf5312a47ab5ed9",
            "load_balancer_arn": "arn:aws:elasticloadbalancing:eu-west-1:335631691830:loadbalancer/app/live-origin-alb/c91fe526afde4a13",
            "mutual_authentication": [
              {
                "ignore_client_certificate_expiry": false,
                "mode": "off",
                "trust_store_arn": ""
              }
            ],
            "port": 443,
            "protocol": "HTTPS",
            "ssl_policy": "ELBSecurityPolicy-TLS13-1-2-2021-06",
            "tags": {},
            "tags_all": {},
            "timeouts": null
          },
          "sensitive_attributes": [],
          "private": "eyJlMmJmYjczMC1lY2FhLTExZTYtOGY4OC0zNDM2M2JjN2M0YzAiOnsiY3JlYXRlIjozMDAwMDAwMDAwMDAsInVwZGF0ZSI6MzAwMDAwMDAwMDAwfX0=",
          "dependencies": [
            "aws_acm_certificate.cert",
            "aws_acm_certificate_validation.cert_validation",
            "aws_alb.cluster_origin_alb",
            "aws_route53_record.cert_validation",
            "aws_route53_record.cluster_origin_alb",
            "aws_security_group.cluster_origin_alb_sg",
            "data.aws_route53_zone.primary",
            "data.aws_subnets.public",
            "data.aws_vpc.local"
          ]
        }
      ]
    },
    {
      "mode": "managed",
      "type": "aws_autoscaling_group",
      "name": "ecs_cluster_nodes",
      "provider": "provider[\"registry.terraform.io/hashicorp/aws\"]",
      "instances": [
        {
          "schema_version": 1,
          "attributes": {
            "arn": "arn:aws:autoscaling:eu-west-1:335631691830:autoScalingGroup:a81b3252-dd78-4557-b428-e062aea71e5b:autoScalingGroupName/live-ecs-cluster-node",
            "availability_zones": [
              "eu-west-1a",
              "eu-west-1b",
              "eu-west-1c"
            ],
            "capacity_rebalance": false,
            "context": "",
            "default_cooldown": 300,
            "default_instance_warmup": 0,
            "desired_capacity": 2,
            "desired_capacity_type": "",
            "enabled_metrics": [],
            "force_delete": false,
            "force_delete_warm_pool": false,
            "health_check_grace_period": 300,
            "health_check_type": "EC2",
            "id": "live-ecs-cluster-node",
            "ignore_failed_scaling_activities": false,
            "initial_lifecycle_hook": [],
            "instance_maintenance_policy": [],
            "instance_refresh": [],
            "launch_configuration": "",
            "launch_template": [],
            "load_balancers": [],
            "max_instance_lifetime": 0,
            "max_size": 3,
            "metrics_granularity": "1Minute",
            "min_elb_capacity": null,
            "min_size": 0,
            "mixed_instances_policy": [
              {
                "instances_distribution": [
                  {
                    "on_demand_allocation_strategy": "prioritized",
                    "on_demand_base_capacity": 0,
                    "on_demand_percentage_above_base_capacity": 0,
                    "spot_allocation_strategy": "price-capacity-optimized",
                    "spot_instance_pools": 0,
                    "spot_max_price": ""
                  }
                ],
                "launch_template": [
                  {
                    "launch_template_specification": [
                      {
                        "launch_template_id": "lt-0eba08a6b1ff20800",
                        "launch_template_name": "live-ecs-cluster-node",
                        "version": "$Latest"
                      }
                    ],
                    "override": [
                      {
                        "instance_requirements": [],
                        "instance_type": "t3.micro",
                        "launch_template_specification": [],
                        "weighted_capacity": ""
                      },
                      {
                        "instance_requirements": [],
                        "instance_type": "t2.micro",
                        "launch_template_specification": [],
                        "weighted_capacity": ""
                      }
                    ]
                  }
                ]
              }
            ],
            "name": "live-ecs-cluster-node",
            "name_prefix": "",
            "placement_group": "",
            "predicted_capacity": 0,
            "protect_from_scale_in": false,
            "service_linked_role_arn": "arn:aws:iam::335631691830:role/aws-service-role/autoscaling.amazonaws.com/AWSServiceRoleForAutoScaling",
            "suspended_processes": [],
            "tag": [
              {
                "key": "Environment",
                "propagate_at_launch": true,
                "value": "live"
              },
              {
                "key": "Managed_by",
                "propagate_at_launch": true,
                "value": "Terraform"
              },
              {
                "key": "Name",
                "propagate_at_launch": true,
                "value": "live-ecs-cluster-node"
              },
              {
                "key": "Stack",
                "propagate_at_launch": true,
                "value": "ecs"
              }
            ],
            "target_group_arns": [],
            "termination_policies": [],
            "timeouts": null,
            "traffic_source": [],
            "vpc_zone_identifier": [
              "subnet-02dd985e5d379b559",
              "subnet-096c3aa4c20cefef7",
              "subnet-09bf36e443a19d6c2"
            ],
            "wait_for_capacity_timeout": "10m",
            "wait_for_elb_capacity": null,
            "warm_pool": [],
            "warm_pool_size": 0
          },
          "sensitive_attributes": [],
          "private": "eyJlMmJmYjczMC1lY2FhLTExZTYtOGY4OC0zNDM2M2JjN2M0YzAiOnsiZGVsZXRlIjo2MDAwMDAwMDAwMDAsInVwZGF0ZSI6NjAwMDAwMDAwMDAwfSwic2NoZW1hX3ZlcnNpb24iOiIxIn0=",
          "dependencies": [
            "aws_iam_instance_profile.ecs_profile",
            "aws_iam_role.ecs_role",
            "aws_launch_template.ecs_cluster_nodes",
            "aws_security_group.ecs",
            "data.aws_ami.ecs",
            "data.aws_iam_policy_document.ecs_assume_role",
            "data.aws_region.current",
            "data.aws_subnets.private",
            "data.aws_vpc.core",
            "data.aws_vpc.local"
          ]
        }
      ]
    },
    {
      "mode": "managed",
      "type": "aws_ecs_cluster",
      "name": "ecs_cluster",
      "provider": "provider[\"registry.terraform.io/hashicorp/aws\"]",
      "instances": [
        {
          "schema_version": 0,
          "attributes": {
            "arn": "arn:aws:ecs:eu-west-1:335631691830:cluster/live",
            "configuration": [],
            "id": "arn:aws:ecs:eu-west-1:335631691830:cluster/live",
            "name": "live",
            "service_connect_defaults": [],
            "setting": [
              {
                "name": "containerInsights",
                "value": "disabled"
              }
            ],
            "tags": {},
            "tags_all": {}
          },
          "sensitive_attributes": [],
          "private": "bnVsbA=="
        }
      ]
    },
    {
      "mode": "managed",
      "type": "aws_iam_instance_profile",
      "name": "ecs_profile",
      "provider": "provider[\"registry.terraform.io/hashicorp/aws\"]",
      "instances": [
        {
          "schema_version": 0,
          "attributes": {
            "arn": "arn:aws:iam::335631691830:instance-profile/ecs_profile",
            "create_date": "2024-05-11T01:07:07Z",
            "id": "ecs_profile",
            "name": "ecs_profile",
            "name_prefix": "",
            "path": "/",
            "role": "ecs_role",
            "tags": {},
            "tags_all": {},
            "unique_id": "AIPAU4JJVGA3GJLM57GTC"
          },
          "sensitive_attributes": [],
          "private": "bnVsbA==",
          "dependencies": [
            "aws_iam_role.ecs_role",
            "data.aws_iam_policy_document.ecs_assume_role"
          ],
          "create_before_destroy": true
        }
      ]
    },
    {
      "mode": "managed",
      "type": "aws_iam_role",
      "name": "ecs_role",
      "provider": "provider[\"registry.terraform.io/hashicorp/aws\"]",
      "instances": [
        {
          "schema_version": 0,
          "attributes": {
            "arn": "arn:aws:iam::335631691830:role/ecs_role",
            "assume_role_policy": "{\"Statement\":[{\"Action\":\"sts:AssumeRole\",\"Effect\":\"Allow\",\"Principal\":{\"Service\":\"ec2.amazonaws.com\"}}],\"Version\":\"2012-10-17\"}",
            "create_date": "2024-05-11T01:07:06Z",
            "description": "",
            "force_detach_policies": false,
            "id": "ecs_role",
            "inline_policy": [],
            "managed_policy_arns": [
              "arn:aws:iam::aws:policy/AmazonSSMManagedInstanceCore",
              "arn:aws:iam::aws:policy/service-role/AmazonEC2ContainerServiceforEC2Role"
            ],
            "max_session_duration": 3600,
            "name": "ecs_role",
            "name_prefix": "",
            "path": "/",
            "permissions_boundary": "",
            "tags": {},
            "tags_all": {},
            "unique_id": "AROAU4JJVGA3PIER3Y6CX"
          },
          "sensitive_attributes": [],
          "private": "bnVsbA==",
          "dependencies": [
            "data.aws_iam_policy_document.ecs_assume_role"
          ],
          "create_before_destroy": true
        }
      ]
    },
    {
      "mode": "managed",
      "type": "aws_launch_template",
      "name": "ecs_cluster_nodes",
      "provider": "provider[\"registry.terraform.io/hashicorp/aws\"]",
      "instances": [
        {
          "schema_version": 0,
          "attributes": {
            "arn": "arn:aws:ec2:eu-west-1:335631691830:launch-template/lt-0eba08a6b1ff20800",
            "block_device_mappings": [],
            "capacity_reservation_specification": [],
            "cpu_options": [],
            "credit_specification": [],
            "default_version": 1,
            "description": "",
            "disable_api_stop": false,
            "disable_api_termination": false,
            "ebs_optimized": "",
            "elastic_gpu_specifications": [],
            "elastic_inference_accelerator": [],
            "enclave_options": [],
            "hibernation_options": [],
            "iam_instance_profile": [
              {
                "arn": "",
                "name": "ecs_profile"
              }
            ],
            "id": "lt-0eba08a6b1ff20800",
            "image_id": "ami-019666ff08d14f28e",
            "instance_initiated_shutdown_behavior": "",
            "instance_market_options": [],
            "instance_requirements": [],
            "instance_type": "t2.micro",
            "kernel_id": "",
            "key_name": "",
            "latest_version": 1,
            "license_specification": [],
            "maintenance_options": [],
            "metadata_options": [
              {
                "http_endpoint": "enabled",
                "http_protocol_ipv6": "",
                "http_put_response_hop_limit": 0,
                "http_tokens": "required",
                "instance_metadata_tags": ""
              }
            ],
            "monitoring": [
              {
                "enabled": false
              }
            ],
            "name": "live-ecs-cluster-node",
            "name_prefix": "",
            "network_interfaces": [],
            "placement": [],
            "private_dns_name_options": [],
            "ram_disk_id": "",
            "security_group_names": [],
            "tag_specifications": [],
            "tags": {
              "Environment": "live",
              "Managed_by": "Terraform",
              "Name": "live-ecs-cluster-node",
              "Stack": "ecs"
            },
            "tags_all": {
              "Environment": "live",
              "Managed_by": "Terraform",
              "Name": "live-ecs-cluster-node",
              "Stack": "ecs"
            },
            "update_default_version": true,
            "user_data": "IyEvYmluL2Jhc2gKZWNobyBFQ1NfQ0xVU1RFUj1saXZlID4+IC9ldGMvZWNzL2Vjcy5jb25maWcKZWNobyBFQ1NfQVZBSUxBQkxFX0xPR0dJTkdfRFJJVkVSPVsianNvbi1maWxlIiwiYXdzbG9ncyIsIm5vbmUiXSA+PiAvZXRjL2Vjcy9lY3MuY29uZmlnCmVjaG8gRUNTX0VOQUJMRV9UQVNLX0lBTV9ST0xFPXRydWUgPj4gL2V0Yy9lY3MvZWNzLmNvbmZpZwplY2hvIEVDU19FTkFCTEVfVEFTS19JQU1fUk9MRV9ORVRXT1JLX0hPU1Q9dHJ1ZSA+PiAvZXRjL2Vjcy9lY3MuY29uZmlnCmVjaG8gRUNTX0FXU1ZQQ19CTE9DS19JTURTPXRydWUgPj4gL2V0Yy9lY3MvZWNzLmNvbmZpZwplY2hvIEVDU19FTkFCTEVfQ09OVEFJTkVSX01FVEFEQVRBPXRydWUgPj4gL2V0Yy9lY3MvZWNzLmNvbmZpZwplY2hvIEVDU19FTkFCTEVfU1BPVF9JTlNUQU5DRV9EUkFJTklORz10cnVlID4+IC9ldGMvZWNzL2Vjcy5jb25maWcKZWNobyBFQ1NfRU5BQkxFX1RBU0tfQ1BVX01FTV9MSU1JVD10cnVlID4+IC9ldGMvZWNzL2Vjcy5jb25maWcKeXVtIHVwZGF0ZSAteQp5dW0gaW5zdGFsbCAteSBpcHRhYmxlcy1zZXJ2aWNlcwpzeXNjdGwgLXcgbmV0LmlwdjQuY29uZi5hbGwucm91dGVfbG9jYWxuZXQ9MQppcHRhYmxlcyAtLWluc2VydCBET0NLRVItVVNFUiAxIC0taW4taW50ZXJmYWNlIGRvY2tlcisgLS1kZXN0aW5hdGlvbiAxNjkuMjU0LjE2OS4yNTQvMzIgLS1qdW1wIERST1AKaXB0YWJsZXMgLXQgbmF0IC1BIFBSRVJPVVRJTkcgLXAgdGNwIC1kIDE2OS4yNTQuMTcwLjIgLS1kcG9ydCA4MCAtaiBETkFUIC0tdG8tZGVzdGluYXRpb24gMTI3LjAuMC4xOjUxNjc5CmlwdGFibGVzIC10IG5hdCAtQSBPVVRQVVQgLWQgMTY5LjI1NC4xNzAuMiAtcCB0Y3AgLW0gdGNwIC0tZHBvcnQgODAgLWogUkVESVJFQ1QgLS10by1wb3J0cyA1MTY3OQppcHRhYmxlcy1zYXZlIHwgdGVlIC9ldGMvc3lzY29uZmlnL2lwdGFibGVzICYmIHN1ZG8gc3lzdGVtY3RsIGVuYWJsZSAtLW5vdyBpcHRhYmxlcwp5dW0gaW5zdGFsbCAteSBlYzItaW5zdGFuY2UtY29ubmVjdAoK",
            "vpc_security_group_ids": [
              "sg-0f1b7467d79b05acb"
            ]
          },
          "sensitive_attributes": [],
          "private": "bnVsbA==",
          "dependencies": [
            "aws_iam_instance_profile.ecs_profile",
            "aws_iam_role.ecs_role",
            "aws_security_group.ecs",
            "data.aws_ami.ecs",
            "data.aws_iam_policy_document.ecs_assume_role",
            "data.aws_region.current",
            "data.aws_vpc.core",
            "data.aws_vpc.local"
          ],
          "create_before_destroy": true
        }
      ]
    },
    {
      "mode": "managed",
      "type": "aws_route53_record",
      "name": "cert_validation",
      "provider": "provider[\"registry.terraform.io/hashicorp/aws\"]",
      "instances": [
        {
          "index_key": "origin.eu-west-1.live.blitspersecond.com",
          "schema_version": 2,
          "attributes": {
            "alias": [],
            "allow_overwrite": true,
            "cidr_routing_policy": [],
            "failover_routing_policy": [],
            "fqdn": "_da6fa7648ebdb13eb5ff6f562419895a.origin.eu-west-1.live.blitspersecond.com",
            "geolocation_routing_policy": [],
            "geoproximity_routing_policy": [],
            "health_check_id": "",
            "id": "Z020383763BWTRKNUVGU__da6fa7648ebdb13eb5ff6f562419895a.origin.eu-west-1.live.blitspersecond.com._CNAME",
            "latency_routing_policy": [],
            "multivalue_answer_routing_policy": false,
            "name": "_da6fa7648ebdb13eb5ff6f562419895a.origin.eu-west-1.live.blitspersecond.com",
            "records": [
              "_c69c8477f469637807e0bb6b3d957802.sdgjtdhdhz.acm-validations.aws."
            ],
            "set_identifier": "",
            "ttl": 60,
            "type": "CNAME",
            "weighted_routing_policy": [],
            "zone_id": "Z020383763BWTRKNUVGU"
          },
          "sensitive_attributes": [],
          "private": "eyJzY2hlbWFfdmVyc2lvbiI6IjIifQ==",
          "dependencies": [
            "aws_acm_certificate.cert",
            "aws_alb.cluster_origin_alb",
            "aws_route53_record.cluster_origin_alb",
            "aws_security_group.cluster_origin_alb_sg",
            "data.aws_route53_zone.primary",
            "data.aws_subnets.public",
            "data.aws_vpc.local"
          ]
        }
      ]
    },
    {
      "mode": "managed",
      "type": "aws_route53_record",
      "name": "cluster_origin_alb",
      "provider": "provider[\"registry.terraform.io/hashicorp/aws\"]",
      "instances": [
        {
          "schema_version": 2,
          "attributes": {
            "alias": [
              {
                "evaluate_target_health": true,
                "name": "live-origin-alb-499281960.eu-west-1.elb.amazonaws.com",
                "zone_id": "Z32O12XQLNTSW2"
              }
            ],
            "allow_overwrite": null,
            "cidr_routing_policy": [],
            "failover_routing_policy": [],
            "fqdn": "origin.eu-west-1.live.blitspersecond.com",
            "geolocation_routing_policy": [],
            "geoproximity_routing_policy": [],
            "health_check_id": "",
            "id": "Z020383763BWTRKNUVGU_origin.eu-west-1.live.blitspersecond.com_A",
            "latency_routing_policy": [],
            "multivalue_answer_routing_policy": false,
            "name": "origin.eu-west-1.live.blitspersecond.com",
            "records": [],
            "set_identifier": "",
            "ttl": 0,
            "type": "A",
            "weighted_routing_policy": [],
            "zone_id": "Z020383763BWTRKNUVGU"
          },
          "sensitive_attributes": [],
          "private": "eyJzY2hlbWFfdmVyc2lvbiI6IjIifQ==",
          "dependencies": [
            "aws_alb.cluster_origin_alb",
            "aws_security_group.cluster_origin_alb_sg",
            "data.aws_route53_zone.primary",
            "data.aws_subnets.public",
            "data.aws_vpc.local"
          ],
          "create_before_destroy": true
        }
      ]
    },
    {
      "mode": "managed",
      "type": "aws_security_group",
      "name": "cluster_origin_alb_sg",
      "provider": "provider[\"registry.terraform.io/hashicorp/aws\"]",
      "instances": [
        {
          "schema_version": 1,
          "attributes": {
            "arn": "arn:aws:ec2:eu-west-1:335631691830:security-group/sg-00a2ee61202d7633d",
            "description": "Allow HTTP and HTTPS traffic",
            "egress": [],
            "id": "sg-00a2ee61202d7633d",
            "ingress": [
              {
                "cidr_blocks": [
                  "0.0.0.0/0"
                ],
                "description": "",
                "from_port": 443,
                "ipv6_cidr_blocks": [],
                "prefix_list_ids": [],
                "protocol": "tcp",
                "security_groups": [],
                "self": false,
                "to_port": 443
              },
              {
                "cidr_blocks": [
                  "0.0.0.0/0"
                ],
                "description": "",
                "from_port": 80,
                "ipv6_cidr_blocks": [],
                "prefix_list_ids": [],
                "protocol": "tcp",
                "security_groups": [],
                "self": false,
                "to_port": 80
              }
            ],
            "name": "live-origin-alb-sg",
            "name_prefix": "",
            "owner_id": "335631691830",
            "revoke_rules_on_delete": false,
            "tags": {
              "Environment": "live",
              "Managed_by": "Terraform",
              "Name": "live-origin-alb-sg",
              "Stack": "ecs"
            },
            "tags_all": {
              "Environment": "live",
              "Managed_by": "Terraform",
              "Name": "live-origin-alb-sg",
              "Stack": "ecs"
            },
            "timeouts": null,
            "vpc_id": "vpc-0685a3518d0558c65"
          },
          "sensitive_attributes": [],
          "private": "eyJlMmJmYjczMC1lY2FhLTExZTYtOGY4OC0zNDM2M2JjN2M0YzAiOnsiY3JlYXRlIjo2MDAwMDAwMDAwMDAsImRlbGV0ZSI6OTAwMDAwMDAwMDAwfSwic2NoZW1hX3ZlcnNpb24iOiIxIn0=",
          "dependencies": [
            "data.aws_vpc.local"
          ],
          "create_before_destroy": true
        }
      ]
    },
    {
      "mode": "managed",
      "type": "aws_security_group",
      "name": "ecs",
      "provider": "provider[\"registry.terraform.io/hashicorp/aws\"]",
      "instances": [
        {
          "schema_version": 1,
          "attributes": {
            "arn": "arn:aws:ec2:eu-west-1:335631691830:security-group/sg-0f1b7467d79b05acb",
            "description": "ECS security group",
            "egress": [
              {
                "cidr_blocks": [
                  "0.0.0.0/0"
                ],
                "description": "All traffic to the internet",
                "from_port": 0,
                "ipv6_cidr_blocks": [],
                "prefix_list_ids": [],
                "protocol": "-1",
                "security_groups": [],
                "self": false,
                "to_port": 0
              }
            ],
            "id": "sg-0f1b7467d79b05acb",
            "ingress": [
              {
                "cidr_blocks": [
                  "10.0.0.0/19"
                ],
                "description": "Ping access from Core",
                "from_port": 8,
                "ipv6_cidr_blocks": [],
                "prefix_list_ids": [],
                "protocol": "icmp",
                "security_groups": [],
                "self": false,
                "to_port": 0
              },
              {
                "cidr_blocks": [
                  "10.0.0.0/19"
                ],
                "description": "SSH access from Core",
                "from_port": 22,
                "ipv6_cidr_blocks": [],
                "prefix_list_ids": [],
                "protocol": "tcp",
                "security_groups": [],
                "self": false,
                "to_port": 22
              }
            ],
            "name": "live-ecs",
            "name_prefix": "",
            "owner_id": "335631691830",
            "revoke_rules_on_delete": false,
            "tags": {
              "Environment": "live",
              "Managed_by": "Terraform",
              "Name": "eu-west-1-ecs-live",
              "Stack": "ecs"
            },
            "tags_all": {
              "Environment": "live",
              "Managed_by": "Terraform",
              "Name": "eu-west-1-ecs-live",
              "Stack": "ecs"
            },
            "timeouts": null,
            "vpc_id": "vpc-0685a3518d0558c65"
          },
          "sensitive_attributes": [],
          "private": "eyJlMmJmYjczMC1lY2FhLTExZTYtOGY4OC0zNDM2M2JjN2M0YzAiOnsiY3JlYXRlIjo2MDAwMDAwMDAwMDAsImRlbGV0ZSI6OTAwMDAwMDAwMDAwfSwic2NoZW1hX3ZlcnNpb24iOiIxIn0=",
          "dependencies": [
            "data.aws_region.current",
            "data.aws_vpc.core",
            "data.aws_vpc.local"
          ]
        }
      ]
    }
  ],
  "check_results": null
}
